<Solution>
  <Folder Name="/Tests/">
    <Project Path="Tests/SkillSync.Tests.Integration/SkillSync.Tests.Integration.csproj" />
    <Project Path="Tests/SkillSync.Tests.Unit/SkillSync.Tests.Unit.csproj" />
  </Folder>
  <Project Path="SkillSync.Api/SkillSync.Api.csproj" />
  <Project Path="SkillSync.Web/SkillSync.Web.csproj" />
</Solution>
